
Microsoft Visual Studio Solution File, Format Version 12.00
# Visual Studio Version 16
VisualStudioVersion = 16.0.30523.141
MinimumVisualStudioVersion = 10.0.40219.1
Project("{8BC9CEB8-8B4A-11D0-8D11-00A0C91BC942}") = "Lab5.3", "Lab5.3.vcxproj", "{AC7C182F-9E5F-4AE9-A041-4A8EA56720AD}"
EndProject
Global
	GlobalSection(SolutionConfigurationPlatforms) = preSolution
		Debug|x64 = Debug|x64
		Debug|x86 = Debug|x86
		Release|x64 = Release|x64
		Release|x86 = Release|x86
	EndGlobalSection
	GlobalSection(ProjectConfigurationPlatforms) = postSolution
		{AC7C182F-9E5F-4AE9-A041-4A8EA56720AD}.Debug|x64.ActiveCfg = Debug|x64
		{AC7C182F-9E5F-4AE9-A041-4A8EA56720AD}.Debug|x64.Build.0 = Debug|x64
		{AC7C182F-9E5F-4AE9-A041-4A8EA56720AD}.Debug|x86.ActiveCfg = Debug|Win32
		{AC7C182F-9E5F-4AE9-A041-4A8EA56720AD}.Debug|x86.Build.0 = Debug|Win32
		{AC7C182F-9E5F-4AE9-A041-4A8EA56720AD}.Release|x64.ActiveCfg = Release|x64
		{AC7C182F-9E5F-4AE9-A041-4A8EA56720AD}.Release|x64.Build.0 = Release|x64
		{AC7C182F-9E5F-4AE9-A041-4A8EA56720AD}.Release|x86.ActiveCfg = Release|Win32
		{AC7C182F-9E5F-4AE9-A041-4A8EA56720AD}.Release|x86.Build.0 = Release|Win32
	EndGlobalSection
	GlobalSection(SolutionProperties) = preSolution
		HideSolutionNode = FALSE
	EndGlobalSection
	GlobalSection(ExtensibilityGlobals) = postSolution
		SolutionGuid = {7AF48CAA-DE40-45C2-A7B5-B147208FCDDA}
	EndGlobalSection
EndGlobal
